
Microsoft Visual Studio Solution File, Format Version 12.00
# Visual Studio 15
VisualStudioVersion = 15.0.27703.2047
MinimumVisualStudioVersion = 10.0.40219.1
Project("{FAE04EC0-301F-11D3-BF4B-00C04F79EFBC}") = "Backend", "Backend\Backend.csproj", "{3EC428AA-C111-440A-BCF7-D4AE314869D3}"
EndProject
Project("{E24C65DC-7377-472B-9ABA-BC803B73C61A}") = "Frontend", "Frontend\", "{6E290BD5-478D-444E-9F48-D2CAC2E21DF1}"
	ProjectSection(WebsiteProperties) = preProject
		TargetFrameworkMoniker = ".NETFramework,Version%3Dv4.6.1"
		Debug.AspNetCompiler.VirtualPath = "/localhost_56010"
		Debug.AspNetCompiler.PhysicalPath = "Frontend\"
		Debug.AspNetCompiler.TargetPath = "PrecompiledWeb\localhost_56010\"
		Debug.AspNetCompiler.Updateable = "true"
		Debug.AspNetCompiler.ForceOverwrite = "true"
		Debug.AspNetCompiler.FixedNames = "false"
		Debug.AspNetCompiler.Debug = "True"
		Release.AspNetCompiler.VirtualPath = "/localhost_56010"
		Release.AspNetCompiler.PhysicalPath = "Frontend\"
		Release.AspNetCompiler.TargetPath = "PrecompiledWeb\localhost_56010\"
		Release.AspNetCompiler.Updateable = "true"
		Release.AspNetCompiler.ForceOverwrite = "true"
		Release.AspNetCompiler.FixedNames = "false"
		Release.AspNetCompiler.Debug = "False"
		VWDPort = "56010"
		SlnRelativePath = "Frontend\"
		DefaultWebSiteLanguage = "Visual C#"
	EndProjectSection
EndProject
Global
	GlobalSection(SolutionConfigurationPlatforms) = preSolution
		Debug|Any CPU = Debug|Any CPU
		Release|Any CPU = Release|Any CPU
	EndGlobalSection
	GlobalSection(ProjectConfigurationPlatforms) = postSolution
		{3EC428AA-C111-440A-BCF7-D4AE314869D3}.Debug|Any CPU.ActiveCfg = Debug|Any CPU
		{3EC428AA-C111-440A-BCF7-D4AE314869D3}.Debug|Any CPU.Build.0 = Debug|Any CPU
		{3EC428AA-C111-440A-BCF7-D4AE314869D3}.Release|Any CPU.ActiveCfg = Release|Any CPU
		{3EC428AA-C111-440A-BCF7-D4AE314869D3}.Release|Any CPU.Build.0 = Release|Any CPU
		{6E290BD5-478D-444E-9F48-D2CAC2E21DF1}.Debug|Any CPU.ActiveCfg = Debug|Any CPU
		{6E290BD5-478D-444E-9F48-D2CAC2E21DF1}.Debug|Any CPU.Build.0 = Debug|Any CPU
		{6E290BD5-478D-444E-9F48-D2CAC2E21DF1}.Release|Any CPU.ActiveCfg = Debug|Any CPU
		{6E290BD5-478D-444E-9F48-D2CAC2E21DF1}.Release|Any CPU.Build.0 = Debug|Any CPU
	EndGlobalSection
	GlobalSection(SolutionProperties) = preSolution
		HideSolutionNode = FALSE
	EndGlobalSection
	GlobalSection(ExtensibilityGlobals) = postSolution
		SolutionGuid = {349DC05B-2B04-4DA8-A244-15BFC550DE72}
	EndGlobalSection
EndGlobal
